
Microsoft Visual Studio Solution File, Format Version 12.00
# Visual Studio Version 17
VisualStudioVersion = 17.8.34511.84
MinimumVisualStudioVersion = 10.0.40219.1
Project("{9A19103F-16F7-4668-BE54-9A1E7A4F7556}") = "CountingSort-parallel", "CountingSort-parallel.csproj", "{7F00EB64-FCC5-4B59-8F43-B7EF01779071}"
EndProject
Global
	GlobalSection(SolutionConfigurationPlatforms) = preSolution
		Debug|Any CPU = Debug|Any CPU
		Release|Any CPU = Release|Any CPU
	EndGlobalSection
	GlobalSection(ProjectConfigurationPlatforms) = postSolution
		{7F00EB64-FCC5-4B59-8F43-B7EF01779071}.Debug|Any CPU.ActiveCfg = Debug|Any CPU
		{7F00EB64-FCC5-4B59-8F43-B7EF01779071}.Debug|Any CPU.Build.0 = Debug|Any CPU
		{7F00EB64-FCC5-4B59-8F43-B7EF01779071}.Release|Any CPU.ActiveCfg = Release|Any CPU
		{7F00EB64-FCC5-4B59-8F43-B7EF01779071}.Release|Any CPU.Build.0 = Release|Any CPU
	EndGlobalSection
	GlobalSection(SolutionProperties) = preSolution
		HideSolutionNode = FALSE
	EndGlobalSection
	GlobalSection(ExtensibilityGlobals) = postSolution
		SolutionGuid = {254E574C-A0CE-434E-86EF-4CA592121157}
	EndGlobalSection
EndGlobal
